
Microsoft Visual Studio Solution File, Format Version 12.00
# Visual Studio 2012
Project("{FAE04EC0-301F-11D3-BF4B-00C04F79EFBC}") = "TP3", "TP3\TP3.csproj", "{0100E5DE-D01A-488D-ACB0-79806C59E6BF}"
EndProject
Global
	GlobalSection(SolutionConfigurationPlatforms) = preSolution
		Debug|Any CPU = Debug|Any CPU
		Release|Any CPU = Release|Any CPU
	EndGlobalSection
	GlobalSection(ProjectConfigurationPlatforms) = postSolution
		{0100E5DE-D01A-488D-ACB0-79806C59E6BF}.Debug|Any CPU.ActiveCfg = Debug|Any CPU
		{0100E5DE-D01A-488D-ACB0-79806C59E6BF}.Debug|Any CPU.Build.0 = Debug|Any CPU
		{0100E5DE-D01A-488D-ACB0-79806C59E6BF}.Release|Any CPU.ActiveCfg = Release|Any CPU
		{0100E5DE-D01A-488D-ACB0-79806C59E6BF}.Release|Any CPU.Build.0 = Release|Any CPU
	EndGlobalSection
	GlobalSection(SolutionProperties) = preSolution
		HideSolutionNode = FALSE
	EndGlobalSection
EndGlobal
