
Microsoft Visual Studio Solution File, Format Version 12.00
# Visual Studio 2012
Project("{FAE04EC0-301F-11D3-BF4B-00C04F79EFBC}") = "Clase02", "Clase02\Clase02.csproj", "{566C2094-8A19-4685-82D6-15094FC170CC}"
EndProject
Project("{FAE04EC0-301F-11D3-BF4B-00C04F79EFBC}") = "Clase03", "Clase03\Clase03.csproj", "{5E7E135A-A7D1-410E-8A7B-717F7D6240B9}"
EndProject
Project("{FAE04EC0-301F-11D3-BF4B-00C04F79EFBC}") = "Clase04", "Clase04\Clase04.csproj", "{44CE71BF-1BFD-4240-8D24-850A110CE3DD}"
EndProject
Project("{FAE04EC0-301F-11D3-BF4B-00C04F79EFBC}") = "Clase05", "Clase05\Clase05.csproj", "{F287518F-306D-47D0-90DF-8365D53C5FF7}"
EndProject
Project("{FAE04EC0-301F-11D3-BF4B-00C04F79EFBC}") = "Clase06", "Clase06\Clase06.csproj", "{791F3D59-8C3B-46A1-AC83-DDCAA2C756CF}"
EndProject
Project("{FAE04EC0-301F-11D3-BF4B-00C04F79EFBC}") = "Clase07", "Clase07\Clase07.csproj", "{7A351FC3-4639-4EBE-BB8A-B5BCEE3191FE}"
EndProject
Project("{FAE04EC0-301F-11D3-BF4B-00C04F79EFBC}") = "EmpleadoLib", "EmpleadoLib\EmpleadoLib.csproj", "{811602CA-AE6E-4B5D-8677-25E4C21F4D53}"
EndProject
Project("{FAE04EC0-301F-11D3-BF4B-00C04F79EFBC}") = "VehiculosLib", "VehiculosLib\VehiculosLib.csproj", "{FB3EE7B9-7914-462C-93AF-4B337909D7B0}"
EndProject
Project("{FAE04EC0-301F-11D3-BF4B-00C04F79EFBC}") = "Clase09", "Clase09\Clase09.csproj", "{94939E6B-0262-4EB3-8BA7-73572D9F0D5E}"
EndProject
Project("{FAE04EC0-301F-11D3-BF4B-00C04F79EFBC}") = "ModeloExamenPrimerParcial", "ModeloExamenPrimerParcial\ModeloExamenPrimerParcial.csproj", "{9918918A-6BDB-44A3-9074-7C4F59A6E1E4}"
EndProject
Project("{FAE04EC0-301F-11D3-BF4B-00C04F79EFBC}") = "Numeros", "Numeros\Numeros.csproj", "{80E6283E-BF5C-4E22-BB1D-3D65B455E36E}"
EndProject
Project("{FAE04EC0-301F-11D3-BF4B-00C04F79EFBC}") = "Clase11", "Clase11\Clase11.csproj", "{C4B65601-12BA-4780-BD5F-D0DAB3FA6D8D}"
EndProject
Project("{FAE04EC0-301F-11D3-BF4B-00C04F79EFBC}") = "Clase19", "Clase19\Clase19.csproj", "{73115DC4-6CBD-485F-9E60-671D31D89B31}"
EndProject
Project("{FAE04EC0-301F-11D3-BF4B-00C04F79EFBC}") = "Serializacion", "Serializacion\Serializacion.csproj", "{A9ABA5C3-505C-4FB7-BEF8-5065FF72EBF4}"
EndProject
Global
	GlobalSection(SolutionConfigurationPlatforms) = preSolution
		Debug|Any CPU = Debug|Any CPU
		Release|Any CPU = Release|Any CPU
	EndGlobalSection
	GlobalSection(ProjectConfigurationPlatforms) = postSolution
		{566C2094-8A19-4685-82D6-15094FC170CC}.Debug|Any CPU.ActiveCfg = Debug|Any CPU
		{566C2094-8A19-4685-82D6-15094FC170CC}.Debug|Any CPU.Build.0 = Debug|Any CPU
		{566C2094-8A19-4685-82D6-15094FC170CC}.Release|Any CPU.ActiveCfg = Release|Any CPU
		{566C2094-8A19-4685-82D6-15094FC170CC}.Release|Any CPU.Build.0 = Release|Any CPU
		{5E7E135A-A7D1-410E-8A7B-717F7D6240B9}.Debug|Any CPU.ActiveCfg = Debug|Any CPU
		{5E7E135A-A7D1-410E-8A7B-717F7D6240B9}.Debug|Any CPU.Build.0 = Debug|Any CPU
		{5E7E135A-A7D1-410E-8A7B-717F7D6240B9}.Release|Any CPU.ActiveCfg = Release|Any CPU
		{5E7E135A-A7D1-410E-8A7B-717F7D6240B9}.Release|Any CPU.Build.0 = Release|Any CPU
		{44CE71BF-1BFD-4240-8D24-850A110CE3DD}.Debug|Any CPU.ActiveCfg = Debug|Any CPU
		{44CE71BF-1BFD-4240-8D24-850A110CE3DD}.Debug|Any CPU.Build.0 = Debug|Any CPU
		{44CE71BF-1BFD-4240-8D24-850A110CE3DD}.Release|Any CPU.ActiveCfg = Release|Any CPU
		{44CE71BF-1BFD-4240-8D24-850A110CE3DD}.Release|Any CPU.Build.0 = Release|Any CPU
		{F287518F-306D-47D0-90DF-8365D53C5FF7}.Debug|Any CPU.ActiveCfg = Debug|Any CPU
		{F287518F-306D-47D0-90DF-8365D53C5FF7}.Debug|Any CPU.Build.0 = Debug|Any CPU
		{F287518F-306D-47D0-90DF-8365D53C5FF7}.Release|Any CPU.ActiveCfg = Release|Any CPU
		{F287518F-306D-47D0-90DF-8365D53C5FF7}.Release|Any CPU.Build.0 = Release|Any CPU
		{791F3D59-8C3B-46A1-AC83-DDCAA2C756CF}.Debug|Any CPU.ActiveCfg = Debug|Any CPU
		{791F3D59-8C3B-46A1-AC83-DDCAA2C756CF}.Debug|Any CPU.Build.0 = Debug|Any CPU
		{791F3D59-8C3B-46A1-AC83-DDCAA2C756CF}.Release|Any CPU.ActiveCfg = Release|Any CPU
		{791F3D59-8C3B-46A1-AC83-DDCAA2C756CF}.Release|Any CPU.Build.0 = Release|Any CPU
		{7A351FC3-4639-4EBE-BB8A-B5BCEE3191FE}.Debug|Any CPU.ActiveCfg = Debug|Any CPU
		{7A351FC3-4639-4EBE-BB8A-B5BCEE3191FE}.Debug|Any CPU.Build.0 = Debug|Any CPU
		{7A351FC3-4639-4EBE-BB8A-B5BCEE3191FE}.Release|Any CPU.ActiveCfg = Release|Any CPU
		{7A351FC3-4639-4EBE-BB8A-B5BCEE3191FE}.Release|Any CPU.Build.0 = Release|Any CPU
		{811602CA-AE6E-4B5D-8677-25E4C21F4D53}.Debug|Any CPU.ActiveCfg = Debug|Any CPU
		{811602CA-AE6E-4B5D-8677-25E4C21F4D53}.Debug|Any CPU.Build.0 = Debug|Any CPU
		{811602CA-AE6E-4B5D-8677-25E4C21F4D53}.Release|Any CPU.ActiveCfg = Release|Any CPU
		{811602CA-AE6E-4B5D-8677-25E4C21F4D53}.Release|Any CPU.Build.0 = Release|Any CPU
		{FB3EE7B9-7914-462C-93AF-4B337909D7B0}.Debug|Any CPU.ActiveCfg = Debug|Any CPU
		{FB3EE7B9-7914-462C-93AF-4B337909D7B0}.Debug|Any CPU.Build.0 = Debug|Any CPU
		{FB3EE7B9-7914-462C-93AF-4B337909D7B0}.Release|Any CPU.ActiveCfg = Release|Any CPU
		{FB3EE7B9-7914-462C-93AF-4B337909D7B0}.Release|Any CPU.Build.0 = Release|Any CPU
		{94939E6B-0262-4EB3-8BA7-73572D9F0D5E}.Debug|Any CPU.ActiveCfg = Debug|Any CPU
		{94939E6B-0262-4EB3-8BA7-73572D9F0D5E}.Debug|Any CPU.Build.0 = Debug|Any CPU
		{94939E6B-0262-4EB3-8BA7-73572D9F0D5E}.Release|Any CPU.ActiveCfg = Release|Any CPU
		{94939E6B-0262-4EB3-8BA7-73572D9F0D5E}.Release|Any CPU.Build.0 = Release|Any CPU
		{9918918A-6BDB-44A3-9074-7C4F59A6E1E4}.Debug|Any CPU.ActiveCfg = Debug|Any CPU
		{9918918A-6BDB-44A3-9074-7C4F59A6E1E4}.Debug|Any CPU.Build.0 = Debug|Any CPU
		{9918918A-6BDB-44A3-9074-7C4F59A6E1E4}.Release|Any CPU.ActiveCfg = Release|Any CPU
		{9918918A-6BDB-44A3-9074-7C4F59A6E1E4}.Release|Any CPU.Build.0 = Release|Any CPU
		{80E6283E-BF5C-4E22-BB1D-3D65B455E36E}.Debug|Any CPU.ActiveCfg = Debug|Any CPU
		{80E6283E-BF5C-4E22-BB1D-3D65B455E36E}.Debug|Any CPU.Build.0 = Debug|Any CPU
		{80E6283E-BF5C-4E22-BB1D-3D65B455E36E}.Release|Any CPU.ActiveCfg = Release|Any CPU
		{80E6283E-BF5C-4E22-BB1D-3D65B455E36E}.Release|Any CPU.Build.0 = Release|Any CPU
		{C4B65601-12BA-4780-BD5F-D0DAB3FA6D8D}.Debug|Any CPU.ActiveCfg = Debug|Any CPU
		{C4B65601-12BA-4780-BD5F-D0DAB3FA6D8D}.Debug|Any CPU.Build.0 = Debug|Any CPU
		{C4B65601-12BA-4780-BD5F-D0DAB3FA6D8D}.Release|Any CPU.ActiveCfg = Release|Any CPU
		{C4B65601-12BA-4780-BD5F-D0DAB3FA6D8D}.Release|Any CPU.Build.0 = Release|Any CPU
		{73115DC4-6CBD-485F-9E60-671D31D89B31}.Debug|Any CPU.ActiveCfg = Debug|Any CPU
		{73115DC4-6CBD-485F-9E60-671D31D89B31}.Debug|Any CPU.Build.0 = Debug|Any CPU
		{73115DC4-6CBD-485F-9E60-671D31D89B31}.Release|Any CPU.ActiveCfg = Release|Any CPU
		{73115DC4-6CBD-485F-9E60-671D31D89B31}.Release|Any CPU.Build.0 = Release|Any CPU
		{A9ABA5C3-505C-4FB7-BEF8-5065FF72EBF4}.Debug|Any CPU.ActiveCfg = Debug|Any CPU
		{A9ABA5C3-505C-4FB7-BEF8-5065FF72EBF4}.Debug|Any CPU.Build.0 = Debug|Any CPU
		{A9ABA5C3-505C-4FB7-BEF8-5065FF72EBF4}.Release|Any CPU.ActiveCfg = Release|Any CPU
		{A9ABA5C3-505C-4FB7-BEF8-5065FF72EBF4}.Release|Any CPU.Build.0 = Release|Any CPU
	EndGlobalSection
	GlobalSection(SolutionProperties) = preSolution
		HideSolutionNode = FALSE
	EndGlobalSection
EndGlobal
