
Microsoft Visual Studio Solution File, Format Version 12.00
# Visual Studio 2012
Project("{FAE04EC0-301F-11D3-BF4B-00C04F79EFBC}") = "Ejercicio9", "Ejercicio9\Ejercicio9.csproj", "{D128A498-B02D-4C7E-BD08-9341AC5D118C}"
EndProject
Project("{FAE04EC0-301F-11D3-BF4B-00C04F79EFBC}") = "Ejercicio10", "Ejercicio10\Ejercicio10.csproj", "{4D1B9CAA-91A9-409F-8B88-445F7061FB4D}"
EndProject
Project("{FAE04EC0-301F-11D3-BF4B-00C04F79EFBC}") = "Ejercicio3", "Ejercicio3\Ejercicio3.csproj", "{9114824B-8322-40C9-AF0D-E84C545D97B8}"
EndProject
Global
	GlobalSection(SolutionConfigurationPlatforms) = preSolution
		Debug|Any CPU = Debug|Any CPU
		Release|Any CPU = Release|Any CPU
	EndGlobalSection
	GlobalSection(ProjectConfigurationPlatforms) = postSolution
		{D128A498-B02D-4C7E-BD08-9341AC5D118C}.Debug|Any CPU.ActiveCfg = Debug|Any CPU
		{D128A498-B02D-4C7E-BD08-9341AC5D118C}.Debug|Any CPU.Build.0 = Debug|Any CPU
		{D128A498-B02D-4C7E-BD08-9341AC5D118C}.Release|Any CPU.ActiveCfg = Release|Any CPU
		{D128A498-B02D-4C7E-BD08-9341AC5D118C}.Release|Any CPU.Build.0 = Release|Any CPU
		{4D1B9CAA-91A9-409F-8B88-445F7061FB4D}.Debug|Any CPU.ActiveCfg = Debug|Any CPU
		{4D1B9CAA-91A9-409F-8B88-445F7061FB4D}.Debug|Any CPU.Build.0 = Debug|Any CPU
		{4D1B9CAA-91A9-409F-8B88-445F7061FB4D}.Release|Any CPU.ActiveCfg = Release|Any CPU
		{4D1B9CAA-91A9-409F-8B88-445F7061FB4D}.Release|Any CPU.Build.0 = Release|Any CPU
		{9114824B-8322-40C9-AF0D-E84C545D97B8}.Debug|Any CPU.ActiveCfg = Debug|Any CPU
		{9114824B-8322-40C9-AF0D-E84C545D97B8}.Debug|Any CPU.Build.0 = Debug|Any CPU
		{9114824B-8322-40C9-AF0D-E84C545D97B8}.Release|Any CPU.ActiveCfg = Release|Any CPU
		{9114824B-8322-40C9-AF0D-E84C545D97B8}.Release|Any CPU.Build.0 = Release|Any CPU
	EndGlobalSection
	GlobalSection(SolutionProperties) = preSolution
		HideSolutionNode = FALSE
	EndGlobalSection
EndGlobal
